PODS:
  - Nimble (0.3.1)
  - Quick (0.2.2)

DEPENDENCIES:
  - Nimble (from `https://github.com/Quick/Nimble`, branch `swift-1.1`)
  - Quick (from `https://github.com/Quick/Quick`, branch `swift-1.1`)

EXTERNAL SOURCES:
  Nimble:
    :branch: swift-1.1
    :git: https://github.com/Quick/Nimble
  Quick:
    :branch: swift-1.1
    :git: https://github.com/Quick/Quick

CHECKOUT OPTIONS:
  Nimble:
    :commit: 1088d5f70497f34be946e3e2829a10529f7bea8e
    :git: https://github.com/Quick/Nimble
  Quick:
    :commit: f8c9ff9f499fc5ea72ff55c1c5eed32e1ff303ea
    :git: https://github.com/Quick/Quick

SPEC CHECKSUMS:
  Nimble: 1b3c765852d63b9540a91e528e1e4f8afab79b6f
  Quick: 1bda8b4c8d43f6b4dd69ca001918b1767b3c9c93

COCOAPODS: 0.36.0.beta.2
