// !$*UTF8*$!
{
	archiveVersion = 1;
	classes = {
	};
	objectVersion = 46;
	objects = {

/* Begin PBXBuildFile section */
		4B2CB6E3D6FF583630821554 /* Pods_swift_markdownTests.framework in Frameworks */ = {isa = PBXBuildFile; fileRef = 4B7139405EA05D793209BADE /* Pods_swift_markdownTests.framework */; settings = {ATTRIBUTES = (Weak, ); }; };
		6AE954342D4963B1FFAC537E /* Pods.framework in Frameworks */ = {isa = PBXBuildFile; fileRef = 8856465E0977263C8CB12FEF /* Pods.framework */; settings = {ATTRIBUTES = (Weak, ); }; };
		931011FA1AA3542F004D5A4A /* AppDelegate.swift in Sources */ = {isa = PBXBuildFile; fileRef = 931011F91AA3542F004D5A4A /* AppDelegate.swift */; };
		931011FC1AA3542F004D5A4A /* ViewController.swift in Sources */ = {isa = PBXBuildFile; fileRef = 931011FB1AA3542F004D5A4A /* ViewController.swift */; };
		931011FF1AA3542F004D5A4A /* Main.storyboard in Resources */ = {isa = PBXBuildFile; fileRef = 931011FD1AA3542F004D5A4A /* Main.storyboard */; };
		931012011AA3542F004D5A4A /* Images.xcassets in Resources */ = {isa = PBXBuildFile; fileRef = 931012001AA3542F004D5A4A /* Images.xcassets */; };
		931012041AA3542F004D5A4A /* LaunchScreen.xib in Resources */ = {isa = PBXBuildFile; fileRef = 931012021AA3542F004D5A4A /* LaunchScreen.xib */; };
		935C90021AC0EB7D00A7F89F /* LeafBlockATXHeadersSpec.swift in Sources */ = {isa = PBXBuildFile; fileRef = 935C90011AC0EB7D00A7F89F /* LeafBlockATXHeadersSpec.swift */; };
		935C90041AC0ECB500A7F89F /* ATXHeader.swift in Sources */ = {isa = PBXBuildFile; fileRef = 935C90031AC0ECB500A7F89F /* ATXHeader.swift */; };
		935C90051AC0ED4500A7F89F /* ATXHeader.swift in Sources */ = {isa = PBXBuildFile; fileRef = 935C90031AC0ECB500A7F89F /* ATXHeader.swift */; };
		93765B651AA3558300BF327F /* Markdown.swift in Sources */ = {isa = PBXBuildFile; fileRef = 93765B641AA3558300BF327F /* Markdown.swift */; };
		93765B661AA3558300BF327F /* Markdown.swift in Sources */ = {isa = PBXBuildFile; fileRef = 93765B641AA3558300BF327F /* Markdown.swift */; };
		937BFFA21AA35F2A0024565F /* HorizontalRule.swift in Sources */ = {isa = PBXBuildFile; fileRef = 937BFFA01AA35F2A0024565F /* HorizontalRule.swift */; };
		937BFFA31AA35F2A0024565F /* HorizontalRule.swift in Sources */ = {isa = PBXBuildFile; fileRef = 937BFFA01AA35F2A0024565F /* HorizontalRule.swift */; };
		937BFFA41AA35F2A0024565F /* MarkdownNode.swift in Sources */ = {isa = PBXBuildFile; fileRef = 937BFFA11AA35F2A0024565F /* MarkdownNode.swift */; };
		937BFFA51AA35F2A0024565F /* MarkdownNode.swift in Sources */ = {isa = PBXBuildFile; fileRef = 937BFFA11AA35F2A0024565F /* MarkdownNode.swift */; };
		937BFFA81AA3EB9A0024565F /* LeafBlockSpec.swift in Sources */ = {isa = PBXBuildFile; fileRef = 937BFFA61AA3EB9A0024565F /* LeafBlockSpec.swift */; };
		937E4F471AA53C3100C2A608 /* Paragraphs.swift in Sources */ = {isa = PBXBuildFile; fileRef = 937E4F461AA53C3100C2A608 /* Paragraphs.swift */; };
		937E4F481AA53C3100C2A608 /* Paragraphs.swift in Sources */ = {isa = PBXBuildFile; fileRef = 937E4F461AA53C3100C2A608 /* Paragraphs.swift */; };
		937E4F4B1AA543D400C2A608 /* String+Extension.swift in Sources */ = {isa = PBXBuildFile; fileRef = 937E4F4A1AA543D400C2A608 /* String+Extension.swift */; };
		937E4F4C1AA543D400C2A608 /* String+Extension.swift in Sources */ = {isa = PBXBuildFile; fileRef = 937E4F4A1AA543D400C2A608 /* String+Extension.swift */; };
		937E4F4F1AA5448200C2A608 /* StringExtensionSpec.swift in Sources */ = {isa = PBXBuildFile; fileRef = 937E4F4D1AA5448200C2A608 /* StringExtensionSpec.swift */; };
/* End PBXBuildFile section */

/* Begin PBXContainerItemProxy section */
		9310120A1AA3542F004D5A4A /* PBXContainerItemProxy */ = {
			isa = PBXContainerItemProxy;
			containerPortal = 931011EC1AA3542F004D5A4A /* Project object */;
			proxyType = 1;
			remoteGlobalIDString = 931011F31AA3542F004D5A4A;
			remoteInfo = "swift-markdown";
		};
/* End PBXContainerItemProxy section */

/* Begin PBXFileReference section */
		32EDAC10BCCA333F1B9FD157 /* Pods.debug.xcconfig */ = {isa = PBXFileReference; includeInIndex = 1; lastKnownFileType = text.xcconfig; name = Pods.debug.xcconfig; path = "Pods/Target Support Files/Pods/Pods.debug.xcconfig"; sourceTree = "<group>"; };
		4B7139405EA05D793209BADE /* Pods_swift_markdownTests.framework */ = {isa = PBXFileReference; explicitFileType = wrapper.framework; includeInIndex = 0; path = Pods_swift_markdownTests.framework; sourceTree = BUILT_PRODUCTS_DIR; };
		7E539EAF693B84026CC95923 /* Pods-swift-markdownTests.release.xcconfig */ = {isa = PBXFileReference; includeInIndex = 1; lastKnownFileType = text.xcconfig; name = "Pods-swift-markdownTests.release.xcconfig"; path = "Pods/Target Support Files/Pods-swift-markdownTests/Pods-swift-markdownTests.release.xcconfig"; sourceTree = "<group>"; };
		8856465E0977263C8CB12FEF /* Pods.framework */ = {isa = PBXFileReference; explicitFileType = wrapper.framework; includeInIndex = 0; path = Pods.framework; sourceTree = BUILT_PRODUCTS_DIR; };
		931011F41AA3542F004D5A4A /* swift-markdown.app */ = {isa = PBXFileReference; explicitFileType = wrapper.application; includeInIndex = 0; path = "swift-markdown.app"; sourceTree = BUILT_PRODUCTS_DIR; };
		931011F81AA3542F004D5A4A /* Info.plist */ = {isa = PBXFileReference; lastKnownFileType = text.plist.xml; path = Info.plist; sourceTree = "<group>"; };
		931011F91AA3542F004D5A4A /* AppDelegate.swift */ = {isa = PBXFileReference; lastKnownFileType = sourcecode.swift; path = AppDelegate.swift; sourceTree = "<group>"; };
		931011FB1AA3542F004D5A4A /* ViewController.swift */ = {isa = PBXFileReference; lastKnownFileType = sourcecode.swift; path = ViewController.swift; sourceTree = "<group>"; };
		931011FE1AA3542F004D5A4A /* Base */ = {isa = PBXFileReference; lastKnownFileType = file.storyboard; name = Base; path = Base.lproj/Main.storyboard; sourceTree = "<group>"; };
		931012001AA3542F004D5A4A /* Images.xcassets */ = {isa = PBXFileReference; lastKnownFileType = folder.assetcatalog; path = Images.xcassets; sourceTree = "<group>"; };
		931012031AA3542F004D5A4A /* Base */ = {isa = PBXFileReference; lastKnownFileType = file.xib; name = Base; path = Base.lproj/LaunchScreen.xib; sourceTree = "<group>"; };
		931012091AA3542F004D5A4A /* swift-markdownTests.xctest */ = {isa = PBXFileReference; explicitFileType = wrapper.cfbundle; includeInIndex = 0; path = "swift-markdownTests.xctest"; sourceTree = BUILT_PRODUCTS_DIR; };
		9310120E1AA3542F004D5A4A /* Info.plist */ = {isa = PBXFileReference; lastKnownFileType = text.plist.xml; path = Info.plist; sourceTree = "<group>"; };
		935C90011AC0EB7D00A7F89F /* LeafBlockATXHeadersSpec.swift */ = {isa = PBXFileReference; fileEncoding = 4; lastKnownFileType = sourcecode.swift; path = LeafBlockATXHeadersSpec.swift; sourceTree = "<group>"; };
		935C90031AC0ECB500A7F89F /* ATXHeader.swift */ = {isa = PBXFileReference; fileEncoding = 4; lastKnownFileType = sourcecode.swift; path = ATXHeader.swift; sourceTree = "<group>"; };
		93765B641AA3558300BF327F /* Markdown.swift */ = {isa = PBXFileReference; fileEncoding = 4; lastKnownFileType = sourcecode.swift; path = Markdown.swift; sourceTree = "<group>"; };
		937BFFA01AA35F2A0024565F /* HorizontalRule.swift */ = {isa = PBXFileReference; fileEncoding = 4; lastKnownFileType = sourcecode.swift; path = HorizontalRule.swift; sourceTree = "<group>"; };
		937BFFA11AA35F2A0024565F /* MarkdownNode.swift */ = {isa = PBXFileReference; fileEncoding = 4; lastKnownFileType = sourcecode.swift; path = MarkdownNode.swift; sourceTree = "<group>"; };
		937BFFA61AA3EB9A0024565F /* LeafBlockSpec.swift */ = {isa = PBXFileReference; fileEncoding = 4; lastKnownFileType = sourcecode.swift; path = LeafBlockSpec.swift; sourceTree = "<group>"; };
		937E4F461AA53C3100C2A608 /* Paragraphs.swift */ = {isa = PBXFileReference; fileEncoding = 4; lastKnownFileType = sourcecode.swift; path = Paragraphs.swift; sourceTree = "<group>"; };
		937E4F4A1AA543D400C2A608 /* String+Extension.swift */ = {isa = PBXFileReference; fileEncoding = 4; lastKnownFileType = sourcecode.swift; path = "String+Extension.swift"; sourceTree = "<group>"; };
		937E4F4D1AA5448200C2A608 /* StringExtensionSpec.swift */ = {isa = PBXFileReference; fileEncoding = 4; lastKnownFileType = sourcecode.swift; path = StringExtensionSpec.swift; sourceTree = "<group>"; };
		DFBF0544A5AFC848C93B5059 /* Pods.release.xcconfig */ = {isa = PBXFileReference; includeInIndex = 1; lastKnownFileType = text.xcconfig; name = Pods.release.xcconfig; path = "Pods/Target Support Files/Pods/Pods.release.xcconfig"; sourceTree = "<group>"; };
		E704354B8333EBECBED48A7E /* Pods-swift-markdownTests.debug.xcconfig */ = {isa = PBXFileReference; includeInIndex = 1; lastKnownFileType = text.xcconfig; name = "Pods-swift-markdownTests.debug.xcconfig"; path = "Pods/Target Support Files/Pods-swift-markdownTests/Pods-swift-markdownTests.debug.xcconfig"; sourceTree = "<group>"; };
/* End PBXFileReference section */

/* Begin PBXFrameworksBuildPhase section */
		931011F11AA3542F004D5A4A /* Frameworks */ = {
			isa = PBXFrameworksBuildPhase;
			buildActionMask = 2147483647;
			files = (
				6AE954342D4963B1FFAC537E /* Pods.framework in Frameworks */,
			);
			runOnlyForDeploymentPostprocessing = 0;
		};
		931012061AA3542F004D5A4A /* Frameworks */ = {
			isa = PBXFrameworksBuildPhase;
			buildActionMask = 2147483647;
			files = (
				4B2CB6E3D6FF583630821554 /* Pods_swift_markdownTests.framework in Frameworks */,
			);
			runOnlyForDeploymentPostprocessing = 0;
		};
/* End PBXFrameworksBuildPhase section */

/* Begin PBXGroup section */
		2DDDCB90CABC733FE86FE240 /* Pods */ = {
			isa = PBXGroup;
			children = (
				E704354B8333EBECBED48A7E /* Pods-swift-markdownTests.debug.xcconfig */,
				7E539EAF693B84026CC95923 /* Pods-swift-markdownTests.release.xcconfig */,
				32EDAC10BCCA333F1B9FD157 /* Pods.debug.xcconfig */,
				DFBF0544A5AFC848C93B5059 /* Pods.release.xcconfig */,
			);
			name = Pods;
			sourceTree = "<group>";
		};
		931011EB1AA3542F004D5A4A = {
			isa = PBXGroup;
			children = (
				931011F61AA3542F004D5A4A /* swift-markdown */,
				9310120C1AA3542F004D5A4A /* swift-markdownTests */,
				931011F51AA3542F004D5A4A /* Products */,
				2DDDCB90CABC733FE86FE240 /* Pods */,
				98F4DC529DB26DBCC9B10FB4 /* Frameworks */,
			);
			sourceTree = "<group>";
		};
		931011F51AA3542F004D5A4A /* Products */ = {
			isa = PBXGroup;
			children = (
				931011F41AA3542F004D5A4A /* swift-markdown.app */,
				931012091AA3542F004D5A4A /* swift-markdownTests.xctest */,
			);
			name = Products;
			sourceTree = "<group>";
		};
		931011F61AA3542F004D5A4A /* swift-markdown */ = {
			isa = PBXGroup;
			children = (
				937E4F491AA543CA00C2A608 /* extensions */,
				937BFF9F1AA35F2A0024565F /* nodes */,
				93765B641AA3558300BF327F /* Markdown.swift */,
				931011F91AA3542F004D5A4A /* AppDelegate.swift */,
				931011FB1AA3542F004D5A4A /* ViewController.swift */,
				931011FD1AA3542F004D5A4A /* Main.storyboard */,
				931012001AA3542F004D5A4A /* Images.xcassets */,
				931012021AA3542F004D5A4A /* LaunchScreen.xib */,
				931011F71AA3542F004D5A4A /* Supporting Files */,
			);
			path = "swift-markdown";
			sourceTree = "<group>";
		};
		931011F71AA3542F004D5A4A /* Supporting Files */ = {
			isa = PBXGroup;
			children = (
				931011F81AA3542F004D5A4A /* Info.plist */,
			);
			name = "Supporting Files";
			sourceTree = "<group>";
		};
		9310120C1AA3542F004D5A4A /* swift-markdownTests */ = {
			isa = PBXGroup;
			children = (
				9310120D1AA3542F004D5A4A /* Supporting Files */,
				937BFFA61AA3EB9A0024565F /* LeafBlockSpec.swift */,
				937E4F4D1AA5448200C2A608 /* StringExtensionSpec.swift */,
				935C90011AC0EB7D00A7F89F /* LeafBlockATXHeadersSpec.swift */,
			);
			path = "swift-markdownTests";
			sourceTree = "<group>";
		};
		9310120D1AA3542F004D5A4A /* Supporting Files */ = {
			isa = PBXGroup;
			children = (
				9310120E1AA3542F004D5A4A /* Info.plist */,
			);
			name = "Supporting Files";
			sourceTree = "<group>";
		};
		937BFF9F1AA35F2A0024565F /* nodes */ = {
			isa = PBXGroup;
			children = (
				937BFFA01AA35F2A0024565F /* HorizontalRule.swift */,
				937BFFA11AA35F2A0024565F /* MarkdownNode.swift */,
				937E4F461AA53C3100C2A608 /* Paragraphs.swift */,
				935C90031AC0ECB500A7F89F /* ATXHeader.swift */,
			);
			path = nodes;
			sourceTree = "<group>";
		};
		937E4F491AA543CA00C2A608 /* extensions */ = {
			isa = PBXGroup;
			children = (
				937E4F4A1AA543D400C2A608 /* String+Extension.swift */,
			);
			path = extensions;
			sourceTree = "<group>";
		};
		98F4DC529DB26DBCC9B10FB4 /* Frameworks */ = {
			isa = PBXGroup;
			children = (
				4B7139405EA05D793209BADE /* Pods_swift_markdownTests.framework */,
				8856465E0977263C8CB12FEF /* Pods.framework */,
			);
			name = Frameworks;
			sourceTree = "<group>";
		};
/* End PBXGroup section */

/* Begin PBXNativeTarget section */
		931011F31AA3542F004D5A4A /* swift-markdown */ = {
			isa = PBXNativeTarget;
			buildConfigurationList = 931012131AA3542F004D5A4A /* Build configuration list for PBXNativeTarget "swift-markdown" */;
			buildPhases = (
				7EFD7BFEBD6B447059C02344 /* Check Pods Manifest.lock */,
				931011F01AA3542F004D5A4A /* Sources */,
				931011F11AA3542F004D5A4A /* Frameworks */,
				931011F21AA3542F004D5A4A /* Resources */,
				6339072CBB1299D8863F219D /* Embed Pods Frameworks */,
				7E79D88D695F3AF37459821C /* Copy Pods Resources */,
			);
			buildRules = (
			);
			dependencies = (
			);
			name = "swift-markdown";
			productName = "swift-markdown";
			productReference = 931011F41AA3542F004D5A4A /* swift-markdown.app */;
			productType = "com.apple.product-type.application";
		};
		931012081AA3542F004D5A4A /* swift-markdownTests */ = {
			isa = PBXNativeTarget;
			buildConfigurationList = 931012161AA3542F004D5A4A /* Build configuration list for PBXNativeTarget "swift-markdownTests" */;
			buildPhases = (
				4277DDA2B574A6C95203428D /* Check Pods Manifest.lock */,
				931012051AA3542F004D5A4A /* Sources */,
				931012061AA3542F004D5A4A /* Frameworks */,
				931012071AA3542F004D5A4A /* Resources */,
				6B9C0799E9C4449B649C9D72 /* Embed Pods Frameworks */,
				E387323103104905E33F8133 /* Copy Pods Resources */,
			);
			buildRules = (
			);
			dependencies = (
				9310120B1AA3542F004D5A4A /* PBXTargetDependency */,
			);
			name = "swift-markdownTests";
			productName = "swift-markdownTests";
			productReference = 931012091AA3542F004D5A4A /* swift-markdownTests.xctest */;
			productType = "com.apple.product-type.bundle.unit-test";
		};
/* End PBXNativeTarget section */

/* Begin PBXProject section */
		931011EC1AA3542F004D5A4A /* Project object */ = {
			isa = PBXProject;
			attributes = {
				LastUpgradeCheck = 0610;
				ORGANIZATIONNAME = swiftcafe;
				TargetAttributes = {
					931011F31AA3542F004D5A4A = {
						CreatedOnToolsVersion = 6.1.1;
					};
					931012081AA3542F004D5A4A = {
						CreatedOnToolsVersion = 6.1.1;
						TestTargetID = 931011F31AA3542F004D5A4A;
					};
				};
			};
			buildConfigurationList = 931011EF1AA3542F004D5A4A /* Build configuration list for PBXProject "swift-markdown" */;
			compatibilityVersion = "Xcode 3.2";
			developmentRegion = English;
			hasScannedForEncodings = 0;
			knownRegions = (
				en,
				Base,
			);
			mainGroup = 931011EB1AA3542F004D5A4A;
			productRefGroup = 931011F51AA3542F004D5A4A /* Products */;
			projectDirPath = "";
			projectRoot = "";
			targets = (
				931011F31AA3542F004D5A4A /* swift-markdown */,
				931012081AA3542F004D5A4A /* swift-markdownTests */,
			);
		};
/* End PBXProject section */

/* Begin PBXResourcesBuildPhase section */
		931011F21AA3542F004D5A4A /* Resources */ = {
			isa = PBXResourcesBuildPhase;
			buildActionMask = 2147483647;
			files = (
				931011FF1AA3542F004D5A4A /* Main.storyboard in Resources */,
				931012041AA3542F004D5A4A /* LaunchScreen.xib in Resources */,
				931012011AA3542F004D5A4A /* Images.xcassets in Resources */,
			);
			runOnlyForDeploymentPostprocessing = 0;
		};
		931012071AA3542F004D5A4A /* Resources */ = {
			isa = PBXResourcesBuildPhase;
			buildActionMask = 2147483647;
			files = (
			);
			runOnlyForDeploymentPostprocessing = 0;
		};
/* End PBXResourcesBuildPhase section */

/* Begin PBXShellScriptBuildPhase section */
		4277DDA2B574A6C95203428D /* Check Pods Manifest.lock */ = {
			isa = PBXShellScriptBuildPhase;
			buildActionMask = 2147483647;
			files = (
			);
			inputPaths = (
			);
			name = "Check Pods Manifest.lock";
			outputPaths = (
			);
			runOnlyForDeploymentPostprocessing = 0;
			shellPath = /bin/sh;
			shellScript = "diff \"${PODS_ROOT}/../Podfile.lock\" \"${PODS_ROOT}/Manifest.lock\" > /dev/null\nif [[ $? != 0 ]] ; then\n    cat << EOM\nerror: The sandbox is not in sync with the Podfile.lock. Run 'pod install' or update your CocoaPods installation.\nEOM\n    exit 1\nfi\n";
			showEnvVarsInLog = 0;
		};
		6339072CBB1299D8863F219D /* Embed Pods Frameworks */ = {
			isa = PBXShellScriptBuildPhase;
			buildActionMask = 2147483647;
			files = (
			);
			inputPaths = (
			);
			name = "Embed Pods Frameworks";
			outputPaths = (
			);
			runOnlyForDeploymentPostprocessing = 0;
			shellPath = /bin/sh;
			shellScript = "\"${SRCROOT}/Pods/Target Support Files/Pods/Pods-frameworks.sh\"\n";
			showEnvVarsInLog = 0;
		};
		6B9C0799E9C4449B649C9D72 /* Embed Pods Frameworks */ = {
			isa = PBXShellScriptBuildPhase;
			buildActionMask = 2147483647;
			files = (
			);
			inputPaths = (
			);
			name = "Embed Pods Frameworks";
			outputPaths = (
			);
			runOnlyForDeploymentPostprocessing = 0;
			shellPath = /bin/sh;
			shellScript = "\"${SRCROOT}/Pods/Target Support Files/Pods-swift-markdownTests/Pods-swift-markdownTests-frameworks.sh\"\n";
			showEnvVarsInLog = 0;
		};
		7E79D88D695F3AF37459821C /* Copy Pods Resources */ = {
			isa = PBXShellScriptBuildPhase;
			buildActionMask = 2147483647;
			files = (
			);
			inputPaths = (
			);
			name = "Copy Pods Resources";
			outputPaths = (
			);
			runOnlyForDeploymentPostprocessing = 0;
			shellPath = /bin/sh;
			shellScript = "\"${SRCROOT}/Pods/Target Support Files/Pods/Pods-resources.sh\"\n";
			showEnvVarsInLog = 0;
		};
		7EFD7BFEBD6B447059C02344 /* Check Pods Manifest.lock */ = {
			isa = PBXShellScriptBuildPhase;
			buildActionMask = 2147483647;
			files = (
			);
			inputPaths = (
			);
			name = "Check Pods Manifest.lock";
			outputPaths = (
			);
			runOnlyForDeploymentPostprocessing = 0;
			shellPath = /bin/sh;
			shellScript = "diff \"${PODS_ROOT}/../Podfile.lock\" \"${PODS_ROOT}/Manifest.lock\" > /dev/null\nif [[ $? != 0 ]] ; then\n    cat << EOM\nerror: The sandbox is not in sync with the Podfile.lock. Run 'pod install' or update your CocoaPods installation.\nEOM\n    exit 1\nfi\n";
			showEnvVarsInLog = 0;
		};
		E387323103104905E33F8133 /* Copy Pods Resources */ = {
			isa = PBXShellScriptBuildPhase;
			buildActionMask = 2147483647;
			files = (
			);
			inputPaths = (
			);
			name = "Copy Pods Resources";
			outputPaths = (
			);
			runOnlyForDeploymentPostprocessing = 0;
			shellPath = /bin/sh;
			shellScript = "\"${SRCROOT}/Pods/Target Support Files/Pods-swift-markdownTests/Pods-swift-markdownTests-resources.sh\"\n";
			showEnvVarsInLog = 0;
		};
/* End PBXShellScriptBuildPhase section */

/* Begin PBXSourcesBuildPhase section */
		931011F01AA3542F004D5A4A /* Sources */ = {
			isa = PBXSourcesBuildPhase;
			buildActionMask = 2147483647;
			files = (
				935C90041AC0ECB500A7F89F /* ATXHeader.swift in Sources */,
				931011FC1AA3542F004D5A4A /* ViewController.swift in Sources */,
				937E4F4B1AA543D400C2A608 /* String+Extension.swift in Sources */,
				937BFFA21AA35F2A0024565F /* HorizontalRule.swift in Sources */,
				937E4F471AA53C3100C2A608 /* Paragraphs.swift in Sources */,
				937BFFA41AA35F2A0024565F /* MarkdownNode.swift in Sources */,
				93765B651AA3558300BF327F /* Markdown.swift in Sources */,
				931011FA1AA3542F004D5A4A /* AppDelegate.swift in Sources */,
			);
			runOnlyForDeploymentPostprocessing = 0;
		};
		931012051AA3542F004D5A4A /* Sources */ = {
			isa = PBXSourcesBuildPhase;
			buildActionMask = 2147483647;
			files = (
				937BFFA31AA35F2A0024565F /* HorizontalRule.swift in Sources */,
				937E4F4F1AA5448200C2A608 /* StringExtensionSpec.swift in Sources */,
				937BFFA81AA3EB9A0024565F /* LeafBlockSpec.swift in Sources */,
				937E4F481AA53C3100C2A608 /* Paragraphs.swift in Sources */,
				93765B661AA3558300BF327F /* Markdown.swift in Sources */,
				937E4F4C1AA543D400C2A608 /* String+Extension.swift in Sources */,
				937BFFA51AA35F2A0024565F /* MarkdownNode.swift in Sources */,
				935C90021AC0EB7D00A7F89F /* LeafBlockATXHeadersSpec.swift in Sources */,
				935C90051AC0ED4500A7F89F /* ATXHeader.swift in Sources */,
			);
			runOnlyForDeploymentPostprocessing = 0;
		};
/* End PBXSourcesBuildPhase section */

/* Begin PBXTargetDependency section */
		9310120B1AA3542F004D5A4A /* PBXTargetDependency */ = {
			isa = PBXTargetDependency;
			target = 931011F31AA3542F004D5A4A /* swift-markdown */;
			targetProxy = 9310120A1AA3542F004D5A4A /* PBXContainerItemProxy */;
		};
/* End PBXTargetDependency section */

/* Begin PBXVariantGroup section */
		931011FD1AA3542F004D5A4A /* Main.storyboard */ = {
			isa = PBXVariantGroup;
			children = (
				931011FE1AA3542F004D5A4A /* Base */,
			);
			name = Main.storyboard;
			sourceTree = "<group>";
		};
		931012021AA3542F004D5A4A /* LaunchScreen.xib */ = {
			isa = PBXVariantGroup;
			children = (
				931012031AA3542F004D5A4A /* Base */,
			);
			name = LaunchScreen.xib;
			sourceTree = "<group>";
		};
/* End PBXVariantGroup section */

/* Begin XCBuildConfiguration section */
		931012111AA3542F004D5A4A /* Debug */ = {
			isa = XCBuildConfiguration;
			buildSettings = {
				ALWAYS_SEARCH_USER_PATHS = NO;
				CLANG_CXX_LANGUAGE_STANDARD = "gnu++0x";
				CLANG_CXX_LIBRARY = "libc++";
				CLANG_ENABLE_MODULES = YES;
				CLANG_ENABLE_OBJC_ARC = YES;
				CLANG_WARN_BOOL_CONVERSION = YES;
				CLANG_WARN_CONSTANT_CONVERSION = YES;
				CLANG_WARN_DIRECT_OBJC_ISA_USAGE = YES_ERROR;
				CLANG_WARN_EMPTY_BODY = YES;
				CLANG_WARN_ENUM_CONVERSION = YES;
				CLANG_WARN_INT_CONVERSION = YES;
				CLANG_WARN_OBJC_ROOT_CLASS = YES_ERROR;
				CLANG_WARN_UNREACHABLE_CODE = YES;
				CLANG_WARN__DUPLICATE_METHOD_MATCH = YES;
				"CODE_SIGN_IDENTITY[sdk=iphoneos*]" = "iPhone Developer";
				COPY_PHASE_STRIP = NO;
				ENABLE_STRICT_OBJC_MSGSEND = YES;
				GCC_C_LANGUAGE_STANDARD = gnu99;
				GCC_DYNAMIC_NO_PIC = NO;
				GCC_OPTIMIZATION_LEVEL = 0;
				GCC_PREPROCESSOR_DEFINITIONS = (
					"DEBUG=1",
					"$(inherited)",
				);
				GCC_SYMBOLS_PRIVATE_EXTERN = NO;
				GCC_WARN_64_TO_32_BIT_CONVERSION = YES;
				GCC_WARN_ABOUT_RETURN_TYPE = YES_ERROR;
				GCC_WARN_UNDECLARED_SELECTOR = YES;
				GCC_WARN_UNINITIALIZED_AUTOS = YES_AGGRESSIVE;
				GCC_WARN_UNUSED_FUNCTION = YES;
				GCC_WARN_UNUSED_VARIABLE = YES;
				IPHONEOS_DEPLOYMENT_TARGET = 8.1;
				MTL_ENABLE_DEBUG_INFO = YES;
				ONLY_ACTIVE_ARCH = YES;
				SDKROOT = iphoneos;
				SWIFT_OPTIMIZATION_LEVEL = "-Onone";
			};
			name = Debug;
		};
		931012121AA3542F004D5A4A /* Release */ = {
			isa = XCBuildConfiguration;
			buildSettings = {
				ALWAYS_SEARCH_USER_PATHS = NO;
				CLANG_CXX_LANGUAGE_STANDARD = "gnu++0x";
				CLANG_CXX_LIBRARY = "libc++";
				CLANG_ENABLE_MODULES = YES;
				CLANG_ENABLE_OBJC_ARC = YES;
				CLANG_WARN_BOOL_CONVERSION = YES;
				CLANG_WARN_CONSTANT_CONVERSION = YES;
				CLANG_WARN_DIRECT_OBJC_ISA_USAGE = YES_ERROR;
				CLANG_WARN_EMPTY_BODY = YES;
				CLANG_WARN_ENUM_CONVERSION = YES;
				CLANG_WARN_INT_CONVERSION = YES;
				CLANG_WARN_OBJC_ROOT_CLASS = YES_ERROR;
				CLANG_WARN_UNREACHABLE_CODE = YES;
				CLANG_WARN__DUPLICATE_METHOD_MATCH = YES;
				"CODE_SIGN_IDENTITY[sdk=iphoneos*]" = "iPhone Developer";
				COPY_PHASE_STRIP = YES;
				ENABLE_NS_ASSERTIONS = NO;
				ENABLE_STRICT_OBJC_MSGSEND = YES;
				GCC_C_LANGUAGE_STANDARD = gnu99;
				GCC_WARN_64_TO_32_BIT_CONVERSION = YES;
				GCC_WARN_ABOUT_RETURN_TYPE = YES_ERROR;
				GCC_WARN_UNDECLARED_SELECTOR = YES;
				GCC_WARN_UNINITIALIZED_AUTOS = YES_AGGRESSIVE;
				GCC_WARN_UNUSED_FUNCTION = YES;
				GCC_WARN_UNUSED_VARIABLE = YES;
				IPHONEOS_DEPLOYMENT_TARGET = 8.1;
				MTL_ENABLE_DEBUG_INFO = NO;
				SDKROOT = iphoneos;
				VALIDATE_PRODUCT = YES;
			};
			name = Release;
		};
		931012141AA3542F004D5A4A /* Debug */ = {
			isa = XCBuildConfiguration;
			baseConfigurationReference = 32EDAC10BCCA333F1B9FD157 /* Pods.debug.xcconfig */;
			buildSettings = {
				ASSETCATALOG_COMPILER_APPICON_NAME = AppIcon;
				INFOPLIST_FILE = "swift-markdown/Info.plist";
				LD_RUNPATH_SEARCH_PATHS = "$(inherited) @executable_path/Frameworks";
				PRODUCT_NAME = "$(TARGET_NAME)";
			};
			name = Debug;
		};
		931012151AA3542F004D5A4A /* Release */ = {
			isa = XCBuildConfiguration;
			baseConfigurationReference = DFBF0544A5AFC848C93B5059 /* Pods.release.xcconfig */;
			buildSettings = {
				ASSETCATALOG_COMPILER_APPICON_NAME = AppIcon;
				INFOPLIST_FILE = "swift-markdown/Info.plist";
				LD_RUNPATH_SEARCH_PATHS = "$(inherited) @executable_path/Frameworks";
				PRODUCT_NAME = "$(TARGET_NAME)";
			};
			name = Release;
		};
		931012171AA3542F004D5A4A /* Debug */ = {
			isa = XCBuildConfiguration;
			baseConfigurationReference = E704354B8333EBECBED48A7E /* Pods-swift-markdownTests.debug.xcconfig */;
			buildSettings = {
				BUNDLE_LOADER = "$(TEST_HOST)";
				FRAMEWORK_SEARCH_PATHS = (
					"$(SDKROOT)/Developer/Library/Frameworks",
					"$(inherited)",
				);
				GCC_PREPROCESSOR_DEFINITIONS = (
					"DEBUG=1",
					"$(inherited)",
				);
				INFOPLIST_FILE = "swift-markdownTests/Info.plist";
				LD_RUNPATH_SEARCH_PATHS = "$(inherited) @executable_path/Frameworks @loader_path/Frameworks";
				PRODUCT_NAME = "$(TARGET_NAME)";
				TEST_HOST = "$(BUILT_PRODUCTS_DIR)/swift-markdown.app/swift-markdown";
			};
			name = Debug;
		};
		931012181AA3542F004D5A4A /* Release */ = {
			isa = XCBuildConfiguration;
			baseConfigurationReference = 7E539EAF693B84026CC95923 /* Pods-swift-markdownTests.release.xcconfig */;
			buildSettings = {
				BUNDLE_LOADER = "$(TEST_HOST)";
				FRAMEWORK_SEARCH_PATHS = (
					"$(SDKROOT)/Developer/Library/Frameworks",
					"$(inherited)",
				);
				INFOPLIST_FILE = "swift-markdownTests/Info.plist";
				LD_RUNPATH_SEARCH_PATHS = "$(inherited) @executable_path/Frameworks @loader_path/Frameworks";
				PRODUCT_NAME = "$(TARGET_NAME)";
				TEST_HOST = "$(BUILT_PRODUCTS_DIR)/swift-markdown.app/swift-markdown";
			};
			name = Release;
		};
/* End XCBuildConfiguration section */

/* Begin XCConfigurationList section */
		931011EF1AA3542F004D5A4A /* Build configuration list for PBXProject "swift-markdown" */ = {
			isa = XCConfigurationList;
			buildConfigurations = (
				931012111AA3542F004D5A4A /* Debug */,
				931012121AA3542F004D5A4A /* Release */,
			);
			defaultConfigurationIsVisible = 0;
			defaultConfigurationName = Release;
		};
		931012131AA3542F004D5A4A /* Build configuration list for PBXNativeTarget "swift-markdown" */ = {
			isa = XCConfigurationList;
			buildConfigurations = (
				931012141AA3542F004D5A4A /* Debug */,
				931012151AA3542F004D5A4A /* Release */,
			);
			defaultConfigurationIsVisible = 0;
			defaultConfigurationName = Release;
		};
		931012161AA3542F004D5A4A /* Build configuration list for PBXNativeTarget "swift-markdownTests" */ = {
			isa = XCConfigurationList;
			buildConfigurations = (
				931012171AA3542F004D5A4A /* Debug */,
				931012181AA3542F004D5A4A /* Release */,
			);
			defaultConfigurationIsVisible = 0;
			defaultConfigurationName = Release;
		};
/* End XCConfigurationList section */
	};
	rootObject = 931011EC1AA3542F004D5A4A /* Project object */;
}
